
Microsoft Visual Studio Solution File, Format Version 11.00
# Visual Studio 2010
Project("{FAE04EC0-301F-11D3-BF4B-00C04F79EFBC}") = "tanks3d", "tanks3d\tanks3d\tanks3d.csproj", "{7FF6E326-1665-4F54-879B-B5D6369306C6}"
EndProject
Project("{FAE04EC0-301F-11D3-BF4B-00C04F79EFBC}") = "tanks3dContent", "tanks3d\tanks3dContent\tanks3dContent.contentproj", "{0E5FA65B-A1B4-4236-AA78-E03C97AC33B6}"
EndProject
Project("{FAE04EC0-301F-11D3-BF4B-00C04F79EFBC}") = "TerrainPipeline", "tanks3d\TerrainPipeline\TerrainPipeline.csproj", "{EF37345A-3BB3-498E-A2A3-F831DE78269B}"
EndProject
<<<<<<< HEAD
Project("{2150E333-8FDC-42A3-9474-1A3956D46DE8}") = "Solution Items", "Solution Items", "{91AD8054-D9AE-41EE-9F19-51D1CCD78546}"
=======
Project("{2150E333-8FDC-42A3-9474-1A3956D46DE8}") = "Solution Items", "Solution Items", "{3BA00B17-5A41-42F7-9E9A-5616607E0CF3}"
>>>>>>> a85b6ea577a4233d21975743f8791351f2d75928
	ProjectSection(SolutionItems) = preProject
		Performance1.psess = Performance1.psess
	EndProjectSection
EndProject
Global
	GlobalSection(SolutionConfigurationPlatforms) = preSolution
		Debug|x86 = Debug|x86
		Release|x86 = Release|x86
		WinForm (Debug)|x86 = WinForm (Debug)|x86
	EndGlobalSection
	GlobalSection(ProjectConfigurationPlatforms) = postSolution
		{7FF6E326-1665-4F54-879B-B5D6369306C6}.Debug|x86.ActiveCfg = Debug|x86
		{7FF6E326-1665-4F54-879B-B5D6369306C6}.Debug|x86.Build.0 = Debug|x86
		{7FF6E326-1665-4F54-879B-B5D6369306C6}.Release|x86.ActiveCfg = Release|x86
		{7FF6E326-1665-4F54-879B-B5D6369306C6}.Release|x86.Build.0 = Release|x86
		{7FF6E326-1665-4F54-879B-B5D6369306C6}.WinForm (Debug)|x86.ActiveCfg = WinForm (Debug)|x86
		{7FF6E326-1665-4F54-879B-B5D6369306C6}.WinForm (Debug)|x86.Build.0 = WinForm (Debug)|x86
		{0E5FA65B-A1B4-4236-AA78-E03C97AC33B6}.Debug|x86.ActiveCfg = Debug|x86
		{0E5FA65B-A1B4-4236-AA78-E03C97AC33B6}.Release|x86.ActiveCfg = Release|x86
		{0E5FA65B-A1B4-4236-AA78-E03C97AC33B6}.WinForm (Debug)|x86.ActiveCfg = Debug|x86
		{EF37345A-3BB3-498E-A2A3-F831DE78269B}.Debug|x86.ActiveCfg = Debug|x86
		{EF37345A-3BB3-498E-A2A3-F831DE78269B}.Debug|x86.Build.0 = Debug|x86
		{EF37345A-3BB3-498E-A2A3-F831DE78269B}.Release|x86.ActiveCfg = Debug|x86
		{EF37345A-3BB3-498E-A2A3-F831DE78269B}.Release|x86.Build.0 = Debug|x86
		{EF37345A-3BB3-498E-A2A3-F831DE78269B}.WinForm (Debug)|x86.ActiveCfg = Debug|x86
		{EF37345A-3BB3-498E-A2A3-F831DE78269B}.WinForm (Debug)|x86.Build.0 = Debug|x86
	EndGlobalSection
	GlobalSection(SolutionProperties) = preSolution
		HideSolutionNode = FALSE
	EndGlobalSection
EndGlobal
